
Microsoft Visual Studio Solution File, Format Version 12.00
# Visual Studio Version 17
VisualStudioVersion = 17.0.31903.59
MinimumVisualStudioVersion = 10.0.40219.1
Project("{2150E333-8FDC-42A3-9474-1A3956D46DE8}") = "src", "src", "{827E0CD3-B72D-47B6-A68D-7590B98EB39B}"
EndProject
Project("{FAE04EC0-301F-11D3-BF4B-00C04F79EFBC}") = "ActionLedger.Domain", "src\ActionLedger.Domain\ActionLedger.Domain.csproj", "{05A2F6D3-65C5-400F-BAB9-4011816EE0B7}"
EndProject
Project("{FAE04EC0-301F-11D3-BF4B-00C04F79EFBC}") = "ActionLedger.Application", "src\ActionLedger.Application\ActionLedger.Application.csproj", "{FD542C55-D73D-438B-86B1-69B298E870B7}"
EndProject
Project("{FAE04EC0-301F-11D3-BF4B-00C04F79EFBC}") = "ActionLedger.Infrastructure", "src\ActionLedger.Infrastructure\ActionLedger.Infrastructure.csproj", "{CAFF9000-C2F6-4FB4-AAF8-8EF211BA002A}"
EndProject
Project("{FAE04EC0-301F-11D3-BF4B-00C04F79EFBC}") = "ActionLedger.Api", "src\ActionLedger.Api\ActionLedger.Api.csproj", "{259B7CE2-F7EA-484D-AE8E-83F7C02A47CA}"
EndProject
Project("{2150E333-8FDC-42A3-9474-1A3956D46DE8}") = "tests", "tests", "{0AB3BF05-4346-4AA6-1389-037BE0695223}"
EndProject
Project("{FAE04EC0-301F-11D3-BF4B-00C04F79EFBC}") = "Domain.Tests", "tests\Domain.Tests\Domain.Tests.csproj", "{A4DF7AEA-27F2-4911-966A-8D4EA059A662}"
EndProject
Project("{FAE04EC0-301F-11D3-BF4B-00C04F79EFBC}") = "Application.Tests", "tests\Application.Tests\Application.Tests.csproj", "{219FC44D-E03F-49F2-A6A2-C0382C302616}"
EndProject
Project("{FAE04EC0-301F-11D3-BF4B-00C04F79EFBC}") = "Infrastructure.Tests", "tests\Infrastructure.Tests\Infrastructure.Tests.csproj", "{87281F8E-EA06-48AE-83D1-274B4FBA1FFB}"
EndProject
Project("{FAE04EC0-301F-11D3-BF4B-00C04F79EFBC}") = "Api.Tests", "tests\Api.Tests\Api.Tests.csproj", "{D7ACD7EA-5685-4A04-8D7E-2BE8CA6EA55E}"
EndProject
Project("{FAE04EC0-301F-11D3-BF4B-00C04F79EFBC}") = "Architecture.Tests", "tests\Architecture.Tests\Architecture.Tests.csproj", "{6064FBA5-56ED-4D19-8964-A700B757C30F}"
EndProject
Project("{FAE04EC0-301F-11D3-BF4B-00C04F79EFBC}") = "Eval", "tests\Eval\Eval.csproj", "{F42F6729-40D8-4CA7-A8FB-77596055D634}"
EndProject
Project("{FAE04EC0-301F-11D3-BF4B-00C04F79EFBC}") = "Web.E2E", "tests\Web.E2E\Web.E2E.csproj", "{71087945-0B52-4940-ACDC-A4BEDAAEECAB}"
EndProject
Global
	GlobalSection(SolutionConfigurationPlatforms) = preSolution
		Debug|Any CPU = Debug|Any CPU
		Debug|x64 = Debug|x64
		Debug|x86 = Debug|x86
		Release|Any CPU = Release|Any CPU
		Release|x64 = Release|x64
		Release|x86 = Release|x86
	EndGlobalSection
	GlobalSection(ProjectConfigurationPlatforms) = postSolution
		{05A2F6D3-65C5-400F-BAB9-4011816EE0B7}.Debug|Any CPU.ActiveCfg = Debug|Any CPU
		{05A2F6D3-65C5-400F-BAB9-4011816EE0B7}.Debug|Any CPU.Build.0 = Debug|Any CPU
		{05A2F6D3-65C5-400F-BAB9-4011816EE0B7}.Debug|x64.ActiveCfg = Debug|Any CPU
		{05A2F6D3-65C5-400F-BAB9-4011816EE0B7}.Debug|x64.Build.0 = Debug|Any CPU
		{05A2F6D3-65C5-400F-BAB9-4011816EE0B7}.Debug|x86.ActiveCfg = Debug|Any CPU
		{05A2F6D3-65C5-400F-BAB9-4011816EE0B7}.Debug|x86.Build.0 = Debug|Any CPU
		{05A2F6D3-65C5-400F-BAB9-4011816EE0B7}.Release|Any CPU.ActiveCfg = Release|Any CPU
		{05A2F6D3-65C5-400F-BAB9-4011816EE0B7}.Release|Any CPU.Build.0 = Release|Any CPU
		{05A2F6D3-65C5-400F-BAB9-4011816EE0B7}.Release|x64.ActiveCfg = Release|Any CPU
		{05A2F6D3-65C5-400F-BAB9-4011816EE0B7}.Release|x64.Build.0 = Release|Any CPU
		{05A2F6D3-65C5-400F-BAB9-4011816EE0B7}.Release|x86.ActiveCfg = Release|Any CPU
		{05A2F6D3-65C5-400F-BAB9-4011816EE0B7}.Release|x86.Build.0 = Release|Any CPU
		{FD542C55-D73D-438B-86B1-69B298E870B7}.Debug|Any CPU.ActiveCfg = Debug|Any CPU
		{FD542C55-D73D-438B-86B1-69B298E870B7}.Debug|Any CPU.Build.0 = Debug|Any CPU
		{FD542C55-D73D-438B-86B1-69B298E870B7}.Debug|x64.ActiveCfg = Debug|Any CPU
		{FD542C55-D73D-438B-86B1-69B298E870B7}.Debug|x64.Build.0 = Debug|Any CPU
		{FD542C55-D73D-438B-86B1-69B298E870B7}.Debug|x86.ActiveCfg = Debug|Any CPU
		{FD542C55-D73D-438B-86B1-69B298E870B7}.Debug|x86.Build.0 = Debug|Any CPU
		{FD542C55-D73D-438B-86B1-69B298E870B7}.Release|Any CPU.ActiveCfg = Release|Any CPU
		{FD542C55-D73D-438B-86B1-69B298E870B7}.Release|Any CPU.Build.0 = Release|Any CPU
		{FD542C55-D73D-438B-86B1-69B298E870B7}.Release|x64.ActiveCfg = Release|Any CPU
		{FD542C55-D73D-438B-86B1-69B298E870B7}.Release|x64.Build.0 = Release|Any CPU
		{FD542C55-D73D-438B-86B1-69B298E870B7}.Release|x86.ActiveCfg = Release|Any CPU
		{FD542C55-D73D-438B-86B1-69B298E870B7}.Release|x86.Build.0 = Release|Any CPU
		{CAFF9000-C2F6-4FB4-AAF8-8EF211BA002A}.Debug|Any CPU.ActiveCfg = Debug|Any CPU
		{CAFF9000-C2F6-4FB4-AAF8-8EF211BA002A}.Debug|Any CPU.Build.0 = Debug|Any CPU
		{CAFF9000-C2F6-4FB4-AAF8-8EF211BA002A}.Debug|x64.ActiveCfg = Debug|Any CPU
		{CAFF9000-C2F6-4FB4-AAF8-8EF211BA002A}.Debug|x64.Build.0 = Debug|Any CPU
		{CAFF9000-C2F6-4FB4-AAF8-8EF211BA002A}.Debug|x86.ActiveCfg = Debug|Any CPU
		{CAFF9000-C2F6-4FB4-AAF8-8EF211BA002A}.Debug|x86.Build.0 = Debug|Any CPU
		{CAFF9000-C2F6-4FB4-AAF8-8EF211BA002A}.Release|Any CPU.ActiveCfg = Release|Any CPU
		{CAFF9000-C2F6-4FB4-AAF8-8EF211BA002A}.Release|Any CPU.Build.0 = Release|Any CPU
		{CAFF9000-C2F6-4FB4-AAF8-8EF211BA002A}.Release|x64.ActiveCfg = Release|Any CPU
		{CAFF9000-C2F6-4FB4-AAF8-8EF211BA002A}.Release|x64.Build.0 = Release|Any CPU
		{CAFF9000-C2F6-4FB4-AAF8-8EF211BA002A}.Release|x86.ActiveCfg = Release|Any CPU
		{CAFF9000-C2F6-4FB4-AAF8-8EF211BA002A}.Release|x86.Build.0 = Release|Any CPU
		{259B7CE2-F7EA-484D-AE8E-83F7C02A47CA}.Debug|Any CPU.ActiveCfg = Debug|Any CPU
		{259B7CE2-F7EA-484D-AE8E-83F7C02A47CA}.Debug|Any CPU.Build.0 = Debug|Any CPU
		{259B7CE2-F7EA-484D-AE8E-83F7C02A47CA}.Debug|x64.ActiveCfg = Debug|Any CPU
		{259B7CE2-F7EA-484D-AE8E-83F7C02A47CA}.Debug|x64.Build.0 = Debug|Any CPU
		{259B7CE2-F7EA-484D-AE8E-83F7C02A47CA}.Debug|x86.ActiveCfg = Debug|Any CPU
		{259B7CE2-F7EA-484D-AE8E-83F7C02A47CA}.Debug|x86.Build.0 = Debug|Any CPU
		{259B7CE2-F7EA-484D-AE8E-83F7C02A47CA}.Release|Any CPU.ActiveCfg = Release|Any CPU
		{259B7CE2-F7EA-484D-AE8E-83F7C02A47CA}.Release|Any CPU.Build.0 = Release|Any CPU
		{259B7CE2-F7EA-484D-AE8E-83F7C02A47CA}.Release|x64.ActiveCfg = Release|Any CPU
		{259B7CE2-F7EA-484D-AE8E-83F7C02A47CA}.Release|x64.Build.0 = Release|Any CPU
		{259B7CE2-F7EA-484D-AE8E-83F7C02A47CA}.Release|x86.ActiveCfg = Release|Any CPU
		{259B7CE2-F7EA-484D-AE8E-83F7C02A47CA}.Release|x86.Build.0 = Release|Any CPU
		{A4DF7AEA-27F2-4911-966A-8D4EA059A662}.Debug|Any CPU.ActiveCfg = Debug|Any CPU
		{A4DF7AEA-27F2-4911-966A-8D4EA059A662}.Debug|Any CPU.Build.0 = Debug|Any CPU
		{A4DF7AEA-27F2-4911-966A-8D4EA059A662}.Debug|x64.ActiveCfg = Debug|Any CPU
		{A4DF7AEA-27F2-4911-966A-8D4EA059A662}.Debug|x64.Build.0 = Debug|Any CPU
		{A4DF7AEA-27F2-4911-966A-8D4EA059A662}.Debug|x86.ActiveCfg = Debug|Any CPU
		{A4DF7AEA-27F2-4911-966A-8D4EA059A662}.Debug|x86.Build.0 = Debug|Any CPU
		{A4DF7AEA-27F2-4911-966A-8D4EA059A662}.Release|Any CPU.ActiveCfg = Release|Any CPU
		{A4DF7AEA-27F2-4911-966A-8D4EA059A662}.Release|Any CPU.Build.0 = Release|Any CPU
		{A4DF7AEA-27F2-4911-966A-8D4EA059A662}.Release|x64.ActiveCfg = Release|Any CPU
		{A4DF7AEA-27F2-4911-966A-8D4EA059A662}.Release|x64.Build.0 = Release|Any CPU
		{A4DF7AEA-27F2-4911-966A-8D4EA059A662}.Release|x86.ActiveCfg = Release|Any CPU
		{A4DF7AEA-27F2-4911-966A-8D4EA059A662}.Release|x86.Build.0 = Release|Any CPU
		{219FC44D-E03F-49F2-A6A2-C0382C302616}.Debug|Any CPU.ActiveCfg = Debug|Any CPU
		{219FC44D-E03F-49F2-A6A2-C0382C302616}.Debug|Any CPU.Build.0 = Debug|Any CPU
		{219FC44D-E03F-49F2-A6A2-C0382C302616}.Debug|x64.ActiveCfg = Debug|Any CPU
		{219FC44D-E03F-49F2-A6A2-C0382C302616}.Debug|x64.Build.0 = Debug|Any CPU
		{219FC44D-E03F-49F2-A6A2-C0382C302616}.Debug|x86.ActiveCfg = Debug|Any CPU
		{219FC44D-E03F-49F2-A6A2-C0382C302616}.Debug|x86.Build.0 = Debug|Any CPU
		{219FC44D-E03F-49F2-A6A2-C0382C302616}.Release|Any CPU.ActiveCfg = Release|Any CPU
		{219FC44D-E03F-49F2-A6A2-C0382C302616}.Release|Any CPU.Build.0 = Release|Any CPU
		{219FC44D-E03F-49F2-A6A2-C0382C302616}.Release|x64.ActiveCfg = Release|Any CPU
		{219FC44D-E03F-49F2-A6A2-C0382C302616}.Release|x64.Build.0 = Release|Any CPU
		{219FC44D-E03F-49F2-A6A2-C0382C302616}.Release|x86.ActiveCfg = Release|Any CPU
		{219FC44D-E03F-49F2-A6A2-C0382C302616}.Release|x86.Build.0 = Release|Any CPU
		{87281F8E-EA06-48AE-83D1-274B4FBA1FFB}.Debug|Any CPU.ActiveCfg = Debug|Any CPU
		{87281F8E-EA06-48AE-83D1-274B4FBA1FFB}.Debug|Any CPU.Build.0 = Debug|Any CPU
		{87281F8E-EA06-48AE-83D1-274B4FBA1FFB}.Debug|x64.ActiveCfg = Debug|Any CPU
		{87281F8E-EA06-48AE-83D1-274B4FBA1FFB}.Debug|x64.Build.0 = Debug|Any CPU
		{87281F8E-EA06-48AE-83D1-274B4FBA1FFB}.Debug|x86.ActiveCfg = Debug|Any CPU
		{87281F8E-EA06-48AE-83D1-274B4FBA1FFB}.Debug|x86.Build.0 = Debug|Any CPU
		{87281F8E-EA06-48AE-83D1-274B4FBA1FFB}.Release|Any CPU.ActiveCfg = Release|Any CPU
		{87281F8E-EA06-48AE-83D1-274B4FBA1FFB}.Release|Any CPU.Build.0 = Release|Any CPU
		{87281F8E-EA06-48AE-83D1-274B4FBA1FFB}.Release|x64.ActiveCfg = Release|Any CPU
		{87281F8E-EA06-48AE-83D1-274B4FBA1FFB}.Release|x64.Build.0 = Release|Any CPU
		{87281F8E-EA06-48AE-83D1-274B4FBA1FFB}.Release|x86.ActiveCfg = Release|Any CPU
		{87281F8E-EA06-48AE-83D1-274B4FBA1FFB}.Release|x86.Build.0 = Release|Any CPU
		{D7ACD7EA-5685-4A04-8D7E-2BE8CA6EA55E}.Debug|Any CPU.ActiveCfg = Debug|Any CPU
		{D7ACD7EA-5685-4A04-8D7E-2BE8CA6EA55E}.Debug|Any CPU.Build.0 = Debug|Any CPU
		{D7ACD7EA-5685-4A04-8D7E-2BE8CA6EA55E}.Debug|x64.ActiveCfg = Debug|Any CPU
		{D7ACD7EA-5685-4A04-8D7E-2BE8CA6EA55E}.Debug|x64.Build.0 = Debug|Any CPU
		{D7ACD7EA-5685-4A04-8D7E-2BE8CA6EA55E}.Debug|x86.ActiveCfg = Debug|Any CPU
		{D7ACD7EA-5685-4A04-8D7E-2BE8CA6EA55E}.Debug|x86.Build.0 = Debug|Any CPU
		{D7ACD7EA-5685-4A04-8D7E-2BE8CA6EA55E}.Release|Any CPU.ActiveCfg = Release|Any CPU
		{D7ACD7EA-5685-4A04-8D7E-2BE8CA6EA55E}.Release|Any CPU.Build.0 = Release|Any CPU
		{D7ACD7EA-5685-4A04-8D7E-2BE8CA6EA55E}.Release|x64.ActiveCfg = Release|Any CPU
		{D7ACD7EA-5685-4A04-8D7E-2BE8CA6EA55E}.Release|x64.Build.0 = Release|Any CPU
		{D7ACD7EA-5685-4A04-8D7E-2BE8CA6EA55E}.Release|x86.ActiveCfg = Release|Any CPU
		{D7ACD7EA-5685-4A04-8D7E-2BE8CA6EA55E}.Release|x86.Build.0 = Release|Any CPU
		{6064FBA5-56ED-4D19-8964-A700B757C30F}.Debug|Any CPU.ActiveCfg = Debug|Any CPU
		{6064FBA5-56ED-4D19-8964-A700B757C30F}.Debug|Any CPU.Build.0 = Debug|Any CPU
		{6064FBA5-56ED-4D19-8964-A700B757C30F}.Debug|x64.ActiveCfg = Debug|Any CPU
		{6064FBA5-56ED-4D19-8964-A700B757C30F}.Debug|x64.Build.0 = Debug|Any CPU
		{6064FBA5-56ED-4D19-8964-A700B757C30F}.Debug|x86.ActiveCfg = Debug|Any CPU
		{6064FBA5-56ED-4D19-8964-A700B757C30F}.Debug|x86.Build.0 = Debug|Any CPU
		{6064FBA5-56ED-4D19-8964-A700B757C30F}.Release|Any CPU.ActiveCfg = Release|Any CPU
		{6064FBA5-56ED-4D19-8964-A700B757C30F}.Release|Any CPU.Build.0 = Release|Any CPU
		{6064FBA5-56ED-4D19-8964-A700B757C30F}.Release|x64.ActiveCfg = Release|Any CPU
		{6064FBA5-56ED-4D19-8964-A700B757C30F}.Release|x64.Build.0 = Release|Any CPU
		{6064FBA5-56ED-4D19-8964-A700B757C30F}.Release|x86.ActiveCfg = Release|Any CPU
		{6064FBA5-56ED-4D19-8964-A700B757C30F}.Release|x86.Build.0 = Release|Any CPU
		{F42F6729-40D8-4CA7-A8FB-77596055D634}.Debug|Any CPU.ActiveCfg = Debug|Any CPU
		{F42F6729-40D8-4CA7-A8FB-77596055D634}.Debug|Any CPU.Build.0 = Debug|Any CPU
		{F42F6729-40D8-4CA7-A8FB-77596055D634}.Debug|x64.ActiveCfg = Debug|Any CPU
		{F42F6729-40D8-4CA7-A8FB-77596055D634}.Debug|x64.Build.0 = Debug|Any CPU
		{F42F6729-40D8-4CA7-A8FB-77596055D634}.Debug|x86.ActiveCfg = Debug|Any CPU
		{F42F6729-40D8-4CA7-A8FB-77596055D634}.Debug|x86.Build.0 = Debug|Any CPU
		{F42F6729-40D8-4CA7-A8FB-77596055D634}.Release|Any CPU.ActiveCfg = Release|Any CPU
		{F42F6729-40D8-4CA7-A8FB-77596055D634}.Release|Any CPU.Build.0 = Release|Any CPU
		{F42F6729-40D8-4CA7-A8FB-77596055D634}.Release|x64.ActiveCfg = Release|Any CPU
		{F42F6729-40D8-4CA7-A8FB-77596055D634}.Release|x64.Build.0 = Release|Any CPU
		{F42F6729-40D8-4CA7-A8FB-77596055D634}.Release|x86.ActiveCfg = Release|Any CPU
		{F42F6729-40D8-4CA7-A8FB-77596055D634}.Release|x86.Build.0 = Release|Any CPU
		{71087945-0B52-4940-ACDC-A4BEDAAEECAB}.Debug|Any CPU.ActiveCfg = Debug|Any CPU
		{71087945-0B52-4940-ACDC-A4BEDAAEECAB}.Debug|Any CPU.Build.0 = Debug|Any CPU
		{71087945-0B52-4940-ACDC-A4BEDAAEECAB}.Debug|x64.ActiveCfg = Debug|Any CPU
		{71087945-0B52-4940-ACDC-A4BEDAAEECAB}.Debug|x64.Build.0 = Debug|Any CPU
		{71087945-0B52-4940-ACDC-A4BEDAAEECAB}.Debug|x86.ActiveCfg = Debug|Any CPU
		{71087945-0B52-4940-ACDC-A4BEDAAEECAB}.Debug|x86.Build.0 = Debug|Any CPU
		{71087945-0B52-4940-ACDC-A4BEDAAEECAB}.Release|Any CPU.ActiveCfg = Release|Any CPU
		{71087945-0B52-4940-ACDC-A4BEDAAEECAB}.Release|Any CPU.Build.0 = Release|Any CPU
		{71087945-0B52-4940-ACDC-A4BEDAAEECAB}.Release|x64.ActiveCfg = Release|Any CPU
		{71087945-0B52-4940-ACDC-A4BEDAAEECAB}.Release|x64.Build.0 = Release|Any CPU
		{71087945-0B52-4940-ACDC-A4BEDAAEECAB}.Release|x86.ActiveCfg = Release|Any CPU
		{71087945-0B52-4940-ACDC-A4BEDAAEECAB}.Release|x86.Build.0 = Release|Any CPU
	EndGlobalSection
	GlobalSection(SolutionProperties) = preSolution
		HideSolutionNode = FALSE
	EndGlobalSection
	GlobalSection(NestedProjects) = preSolution
		{05A2F6D3-65C5-400F-BAB9-4011816EE0B7} = {827E0CD3-B72D-47B6-A68D-7590B98EB39B}
		{FD542C55-D73D-438B-86B1-69B298E870B7} = {827E0CD3-B72D-47B6-A68D-7590B98EB39B}
		{CAFF9000-C2F6-4FB4-AAF8-8EF211BA002A} = {827E0CD3-B72D-47B6-A68D-7590B98EB39B}
		{259B7CE2-F7EA-484D-AE8E-83F7C02A47CA} = {827E0CD3-B72D-47B6-A68D-7590B98EB39B}
		{A4DF7AEA-27F2-4911-966A-8D4EA059A662} = {0AB3BF05-4346-4AA6-1389-037BE0695223}
		{219FC44D-E03F-49F2-A6A2-C0382C302616} = {0AB3BF05-4346-4AA6-1389-037BE0695223}
		{87281F8E-EA06-48AE-83D1-274B4FBA1FFB} = {0AB3BF05-4346-4AA6-1389-037BE0695223}
		{D7ACD7EA-5685-4A04-8D7E-2BE8CA6EA55E} = {0AB3BF05-4346-4AA6-1389-037BE0695223}
		{6064FBA5-56ED-4D19-8964-A700B757C30F} = {0AB3BF05-4346-4AA6-1389-037BE0695223}
		{F42F6729-40D8-4CA7-A8FB-77596055D634} = {0AB3BF05-4346-4AA6-1389-037BE0695223}
		{71087945-0B52-4940-ACDC-A4BEDAAEECAB} = {0AB3BF05-4346-4AA6-1389-037BE0695223}
	EndGlobalSection
EndGlobal
